<?xml version="1.0" encoding="utf-8"?>
<Project ToolsVersion="4.0" xmlns="http://schemas.microsoft.com/developer/msbuild/2003">
  <ItemGroup>
    <Filter Include="Source Files">
      <UniqueIdentifier>{4FC737F1-C7A5-4376-A066-2A32D752A2FF}</UniqueIdentifier>
      <Extensions>cpp;c;cc;cxx;c++;cppm;ixx;def;odl;idl;hpj;bat;asm;asmx</Extensions>
    </Filter>
    <Filter Include="Header Files">
      <UniqueIdentifier>{93995380-89BD-4b04-88EB-625FBE52EBFB}</UniqueIdentifier>
      <Extensions>h;hh;hpp;hxx;h++;hm;inl;inc;ipp;xsd</Extensions>
    </Filter>
    <Filter Include="Resource Files">
      <UniqueIdentifier>{67DA6AB6-F800-4c08-8B7A-83BB121AAD01}</UniqueIdentifier>
      <Extensions>rc;ico;cur;bmp;dlg;rc2;rct;bin;rgs;gif;jpg;jpeg;jpe;resx;tiff;tif;png;wav;mfcribbon-ms</Extensions>
    </Filter>
  </ItemGroup>
  <ItemGroup>
    <ClCompile Include="src\domain\pointPoint\PointPointCollisionTest.cpp">
      <Filter>Source Files</Filter>
    </ClCompile>
    <ClCompile Include="src\domain\pointPoint\PointPointDefaultTest.cpp">
      <Filter>Source Files</Filter>
    </ClCompile>
    <ClCompile Include="src\domain\pointPoint\PointPointTester.cpp">
      <Filter>Source Files</Filter>
    </ClCompile>
    <ClCompile Include="src\domain\pointPoint\PointPointXposTest.cpp">
      <Filter>Source Files</Filter>
    </ClCompile>
    <ClCompile Include="src\domain\pointPoint\PointPointYposTest.cpp">
      <Filter>Source Files</Filter>
    </ClCompile>
    <ClCompile Include="src\domain\DomainTester.cpp">
      <Filter>Source Files</Filter>
    </ClCompile>
    <ClCompile Include="src\MemoryTest.cpp">
      <Filter>Source Files</Filter>
    </ClCompile>
    <ClCompile Include="src\SubordinateTester.cpp">
      <Filter>Source Files</Filter>
    </ClCompile>
    <ClCompile Include="src\Entrypoint.cpp">
      <Filter>Source Files</Filter>
    </ClCompile>
    <ClCompile Include="src\domain\pointPoint\PointPointZposTest.cpp">
      <Filter>Source Files</Filter>
    </ClCompile>
    <ClCompile Include="src\domain\circlePoint\CirclePointDefaultTest.cpp">
      <Filter>Source Files</Filter>
    </ClCompile>
    <ClCompile Include="src\domain\circlePoint\PointCirlceTester.cpp">
      <Filter>Source Files</Filter>
    </ClCompile>
    <ClCompile Include="src\domain\circlePoint\CirclePointCollisionTest.cpp">
      <Filter>Source Files</Filter>
    </ClCompile>
    <ClCompile Include="src\domain\circlePoint\CirclePointEvasionTest.cpp">
      <Filter>Source Files</Filter>
    </ClCompile>
    <ClCompile Include="src\domain\circlePoint\CirclePointInvertedTest.cpp">
      <Filter>Source Files</Filter>
    </ClCompile>
    <ClCompile Include="src\presentation\axis\AxisHeightTest.cpp">
      <Filter>Source Files</Filter>
    </ClCompile>
    <ClCompile Include="src\presentation\axis\AxisTester.cpp">
      <Filter>Source Files</Filter>
    </ClCompile>
    <ClCompile Include="src\presentation\axis\AxisWidthTest.cpp">
      <Filter>Source Files</Filter>
    </ClCompile>
    <ClCompile Include="src\presentation\axis\AxisXposTest.cpp">
      <Filter>Source Files</Filter>
    </ClCompile>
    <ClCompile Include="src\presentation\axis\AxisYposTest.cpp">
      <Filter>Source Files</Filter>
    </ClCompile>
    <ClCompile Include="src\presentation\circle\CircleRadiusTest.cpp">
      <Filter>Source Files</Filter>
    </ClCompile>
    <ClCompile Include="src\presentation\circle\CircleTester.cpp">
      <Filter>Source Files</Filter>
    </ClCompile>
    <ClCompile Include="src\presentation\circle\CircleXposTest.cpp">
      <Filter>Source Files</Filter>
    </ClCompile>
    <ClCompile Include="src\presentation\circle\CircleYposTest.cpp">
      <Filter>Source Files</Filter>
    </ClCompile>
    <ClCompile Include="src\presentation\point\PointTester.cpp">
      <Filter>Source Files</Filter>
    </ClCompile>
    <ClCompile Include="src\presentation\point\PointXposTest.cpp">
      <Filter>Source Files</Filter>
    </ClCompile>
    <ClCompile Include="src\presentation\point\PointYposTest.cpp">
      <Filter>Source Files</Filter>
    </ClCompile>
    <ClCompile Include="src\presentation\PresentationTester.cpp">
      <Filter>Source Files</Filter>
    </ClCompile>
    <ClCompile Include="src\presentation\point\PointZposTest.cpp">
      <Filter>Source Files</Filter>
    </ClCompile>
    <ClCompile Include="src\presentation\circle\CircleZposTest.cpp">
      <Filter>Source Files</Filter>
    </ClCompile>
    <ClCompile Include="src\presentation\axis\AxisZposTest.cpp">
      <Filter>Source Files</Filter>
    </ClCompile>
    <ClCompile Include="src\presentation\axis\AxisDepthTest.cpp">
      <Filter>Source Files</Filter>
    </ClCompile>
    <ClCompile Include="src\application\implimentation\ImplimentationDefaultTest.cpp">
      <Filter>Source Files</Filter>
    </ClCompile>
    <ClCompile Include="src\application\implimentation\ImplimentationTester.cpp">
      <Filter>Source Files</Filter>
    </ClCompile>
    <ClCompile Include="src\application\ApplicationTester.cpp">
      <Filter>Source Files</Filter>
    </ClCompile>
    <ClCompile Include="src\application\implimentation\collision\ImplimentationCollisionTester.cpp">
      <Filter>Source Files</Filter>
    </ClCompile>
    <ClCompile Include="src\application\implimentation\collision\ImplimentationCollisionPointPointTest.cpp">
      <Filter>Source Files</Filter>
    </ClCompile>
  </ItemGroup>
  <ItemGroup>
    <ClInclude Include="src\domain\pointPoint\PointPointCollisionTest.h">
      <Filter>Header Files</Filter>
    </ClInclude>
    <ClInclude Include="src\domain\pointPoint\PointPointDefaultTest.h">
      <Filter>Header Files</Filter>
    </ClInclude>
    <ClInclude Include="src\domain\pointPoint\PointPointTester.h">
      <Filter>Header Files</Filter>
    </ClInclude>
    <ClInclude Include="src\domain\pointPoint\PointPointXposTest.h">
      <Filter>Header Files</Filter>
    </ClInclude>
    <ClInclude Include="src\domain\pointPoint\PointPointYposTest.h">
      <Filter>Header Files</Filter>
    </ClInclude>
    <ClInclude Include="src\domain\DomainTester.h">
      <Filter>Header Files</Filter>
    </ClInclude>
    <ClInclude Include="src\MemoryTest.h">
      <Filter>Header Files</Filter>
    </ClInclude>
    <ClInclude Include="src\SubordinateTester.h">
      <Filter>Header Files</Filter>
    </ClInclude>
    <ClInclude Include="src\domain\pointPoint\PointPointZposTest.h">
      <Filter>Header Files</Filter>
    </ClInclude>
    <ClInclude Include="src\domain\circlePoint\CirclePointDefaultTest.h">
      <Filter>Header Files</Filter>
    </ClInclude>
    <ClInclude Include="src\domain\circlePoint\PointCirlceTester.h">
      <Filter>Header Files</Filter>
    </ClInclude>
    <ClInclude Include="src\domain\circlePoint\CirclePointCollisionTest.h">
      <Filter>Header Files</Filter>
    </ClInclude>
    <ClInclude Include="src\domain\circlePoint\CirclePointEvasionTest.h">
      <Filter>Header Files</Filter>
    </ClInclude>
    <ClInclude Include="src\domain\circlePoint\CirclePointInvertedTest.h">
      <Filter>Header Files</Filter>
    </ClInclude>
    <ClInclude Include="src\presentation\axis\AxisHeightTest.h">
      <Filter>Header Files</Filter>
    </ClInclude>
    <ClInclude Include="src\presentation\axis\AxisTester.h">
      <Filter>Header Files</Filter>
    </ClInclude>
    <ClInclude Include="src\presentation\axis\AxisWidthTest.h">
      <Filter>Header Files</Filter>
    </ClInclude>
    <ClInclude Include="src\presentation\axis\AxisXposTest.h">
      <Filter>Header Files</Filter>
    </ClInclude>
    <ClInclude Include="src\presentation\axis\AxisYposTest.h">
      <Filter>Header Files</Filter>
    </ClInclude>
    <ClInclude Include="src\presentation\circle\CircleRadiusTest.h">
      <Filter>Header Files</Filter>
    </ClInclude>
    <ClInclude Include="src\presentation\circle\CircleTester.h">
      <Filter>Header Files</Filter>
    </ClInclude>
    <ClInclude Include="src\presentation\circle\CircleXposTest.h">
      <Filter>Header Files</Filter>
    </ClInclude>
    <ClInclude Include="src\presentation\circle\CircleYposTest.h">
      <Filter>Header Files</Filter>
    </ClInclude>
    <ClInclude Include="src\presentation\point\PointTester.h">
      <Filter>Header Files</Filter>
    </ClInclude>
    <ClInclude Include="src\presentation\point\PointXposTest.h">
      <Filter>Header Files</Filter>
    </ClInclude>
    <ClInclude Include="src\presentation\point\PointYposTest.h">
      <Filter>Header Files</Filter>
    </ClInclude>
    <ClInclude Include="src\presentation\PresentationTester.h">
      <Filter>Header Files</Filter>
    </ClInclude>
    <ClInclude Include="src\presentation\point\PointZposTest.h">
      <Filter>Header Files</Filter>
    </ClInclude>
    <ClInclude Include="src\presentation\circle\CircleZposTest.h">
      <Filter>Header Files</Filter>
    </ClInclude>
    <ClInclude Include="src\presentation\axis\AxisZposTest.h">
      <Filter>Header Files</Filter>
    </ClInclude>
    <ClInclude Include="src\presentation\axis\AxisDepthTest.h">
      <Filter>Header Files</Filter>
    </ClInclude>
    <ClInclude Include="src\application\implimentation\ImplimentationDefaultTest.h">
      <Filter>Header Files</Filter>
    </ClInclude>
    <ClInclude Include="src\application\implimentation\ImplimentationTester.h">
      <Filter>Header Files</Filter>
    </ClInclude>
    <ClInclude Include="src\application\ApplicationTester.h">
      <Filter>Header Files</Filter>
    </ClInclude>
    <ClInclude Include="src\application\implimentation\collision\ImplimentationCollisionTester.h">
      <Filter>Header Files</Filter>
    </ClInclude>
    <ClInclude Include="src\application\implimentation\collision\ImplimentationCollisionPointPointTest.h">
      <Filter>Header Files</Filter>
    </ClInclude>
  </ItemGroup>
</Project>