<?xml version="1.0" encoding="utf-8"?>
<Project ToolsVersion="4.0" xmlns="http://schemas.microsoft.com/developer/msbuild/2003">
  <ItemGroup>
    <Filter Include="Source Files">
      <UniqueIdentifier>{4FC737F1-C7A5-4376-A066-2A32D752A2FF}</UniqueIdentifier>
      <Extensions>cpp;c;cc;cxx;c++;cppm;ixx;def;odl;idl;hpj;bat;asm;asmx</Extensions>
    </Filter>
    <Filter Include="Header Files">
      <UniqueIdentifier>{93995380-89BD-4b04-88EB-625FBE52EBFB}</UniqueIdentifier>
      <Extensions>h;hh;hpp;hxx;h++;hm;inl;inc;ipp;xsd</Extensions>
    </Filter>
    <Filter Include="Resource Files">
      <UniqueIdentifier>{67DA6AB6-F800-4c08-8B7A-83BB121AAD01}</UniqueIdentifier>
      <Extensions>rc;ico;cur;bmp;dlg;rc2;rct;bin;rgs;gif;jpg;jpeg;jpe;resx;tiff;tif;png;wav;mfcribbon-ms</Extensions>
    </Filter>
  </ItemGroup>
  <ItemGroup>
    <ClCompile Include="src\domain\pointPoint\PointPointCollisionTest.cpp">
      <Filter>Source Files</Filter>
    </ClCompile>
    <ClCompile Include="src\domain\pointPoint\PointPointDefaultTest.cpp">
      <Filter>Source Files</Filter>
    </ClCompile>
    <ClCompile Include="src\domain\pointPoint\PointPointTester.cpp">
      <Filter>Source Files</Filter>
    </ClCompile>
    <ClCompile Include="src\domain\pointPoint\PointPointXposTest.cpp">
      <Filter>Source Files</Filter>
    </ClCompile>
    <ClCompile Include="src\domain\pointPoint\PointPointYposTest.cpp">
      <Filter>Source Files</Filter>
    </ClCompile>
    <ClCompile Include="src\domain\DomainTester.cpp">
      <Filter>Source Files</Filter>
    </ClCompile>
    <ClCompile Include="src\MemoryTest.cpp">
      <Filter>Source Files</Filter>
    </ClCompile>
    <ClCompile Include="src\SubordinateTester.cpp">
      <Filter>Source Files</Filter>
    </ClCompile>
    <ClCompile Include="src\Entrypoint.cpp">
      <Filter>Source Files</Filter>
    </ClCompile>
    <ClCompile Include="src\domain\pointPoint\PointPointZposTest.cpp">
      <Filter>Source Files</Filter>
    </ClCompile>
    <ClCompile Include="src\domain\circlePoint\CirclePointDefaultTest.cpp">
      <Filter>Source Files</Filter>
    </ClCompile>
    <ClCompile Include="src\domain\circlePoint\PointCirlceTester.cpp">
      <Filter>Source Files</Filter>
    </ClCompile>
    <ClCompile Include="src\domain\circlePoint\CirclePointCollisionTest.cpp">
      <Filter>Source Files</Filter>
    </ClCompile>
    <ClCompile Include="src\domain\circlePoint\CirclePointEvasionTest.cpp">
      <Filter>Source Files</Filter>
    </ClCompile>
    <ClCompile Include="src\domain\circlePoint\CirclePointInvertedTest.cpp">
      <Filter>Source Files</Filter>
    </ClCompile>
    <ClCompile Include="src\presentation\axis\AxisHeightTest.cpp">
      <Filter>Source Files</Filter>
    </ClCompile>
    <ClCompile Include="src\presentation\axis\AxisTester.cpp">
      <Filter>Source Files</Filter>
    </ClCompile>
    <ClCompile Include="src\presentation\axis\AxisWidthTest.cpp">
      <Filter>Source Files</Filter>
    </ClCompile>
    <ClCompile Include="src\presentation\axis\AxisXposTest.cpp">
      <Filter>Source Files</Filter>
    </ClCompile>
    <ClCompile Include="src\presentation\axis\AxisYposTest.cpp">
      <Filter>Source Files</Filter>
    </ClCompile>
    <ClCompile Include="src\presentation\circle\CircleRadiusTest.cpp">
      <Filter>Source Files</Filter>
    </ClCompile>
    <ClCompile Include="src\presentation\circle\CircleTester.cpp">
      <Filter>Source Files</Filter>
    </ClCompile>
    <ClCompile Include="src\presentation\circle\CircleXposTest.cpp">
      <Filter>Source Files</Filter>
    </ClCompile>
    <ClCompile Include="src\presentation\circle\CircleYposTest.cpp">
      <Filter>Source Files</Filter>
    </ClCompile>
    <ClCompile Include="src\presentation\point\PointTester.cpp">
      <Filter>Source Files</Filter>
    </ClCompile>
    <ClCompile Include="src\presentation\point\PointXposTest.cpp">
      <Filter>Source Files</Filter>
    </ClCompile>
    <ClCompile Include="src\presentation\point\PointYposTest.cpp">
      <Filter>Source Files</Filter>
    </ClCompile>
    <ClCompile Include="src\presentation\PresentationTester.cpp">
      <Filter>Source Files</Filter>
    </ClCompile>
    <ClCompile Include="src\presentation\point\PointZposTest.cpp">
      <Filter>Source Files</Filter>
    </ClCompile>
    <ClCompile Include="src\presentation\circle\CircleZposTest.cpp">
      <Filter>Source Files</Filter>
    </ClCompile>
    <ClCompile Include="src\presentation\axis\AxisZposTest.cpp">
      <Filter>Source Files</Filter>
    </ClCompile>
    <ClCompile Include="src\presentation\axis\AxisDepthTest.cpp">
      <Filter>Source Files</Filter>
    </ClCompile>
    <ClCompile Include="src\application\implimentation\ImplimentationDefaultTest.cpp">
      <Filter>Source Files</Filter>
    </ClCompile>
    <ClCompile Include="src\application\implimentation\ImplimentationTester.cpp">
      <Filter>Source Files</Filter>
    </ClCompile>
    <ClCompile Include="src\application\ApplicationTester.cpp">
      <Filter>Source Files</Filter>
    </ClCompile>
    <ClCompile Include="src\application\implimentation\collision\ImplimentationCollisionTester.cpp">
      <Filter>Source Files</Filter>
    </ClCompile>
    <ClCompile Include="src\application\implimentation\collision\ImplimentationCollisionPointPointTest.cpp">
      <Filter>Source Files</Filter>
    </ClCompile>
    <ClCompile Include="src\application\implimentation\evasion\ImplimentationEvasionPointPointTest.cpp">
      <Filter>Source Files</Filter>
    </ClCompile>
    <ClCompile Include="src\application\implimentation\evasion\ImplimentationEvasionTester.cpp">
      <Filter>Source Files</Filter>
    </ClCompile>
    <ClCompile Include="src\application\implimentation\collision\ImplimentationCollisionCirclePointTest.cpp">
      <Filter>Source Files</Filter>
    </ClCompile>
    <ClCompile Include="src\application\implimentation\evasion\ImplimentationEvasionCirclePointTest.cpp">
      <Filter>Source Files</Filter>
    </ClCompile>
    <ClCompile Include="src\domain\circleCircle\CircleCircleDefaultTest.cpp">
      <Filter>Source Files</Filter>
    </ClCompile>
    <ClCompile Include="src\domain\circleCircle\CircleCircleTester.cpp">
      <Filter>Source Files</Filter>
    </ClCompile>
    <ClCompile Include="src\domain\circleCircle\CircleCircleCollisionTest.cpp">
      <Filter>Source Files</Filter>
    </ClCompile>
    <ClCompile Include="src\domain\circleCircle\CircleCircleEvasionTest.cpp">
      <Filter>Source Files</Filter>
    </ClCompile>
    <ClCompile Include="src\domain\circleCircle\CircleCircleInvertedTest.cpp">
      <Filter>Source Files</Filter>
    </ClCompile>
    <ClCompile Include="src\application\implimentation\collision\ImplimentationCollisionCircleCircleTest.cpp">
      <Filter>Source Files</Filter>
    </ClCompile>
    <ClCompile Include="src\application\implimentation\evasion\ImplimentationEvasionCircleCircleTest.cpp">
      <Filter>Source Files</Filter>
    </ClCompile>
    <ClCompile Include="src\domain\axisPoint\AxisPointDefaultTest.cpp">
      <Filter>Source Files</Filter>
    </ClCompile>
    <ClCompile Include="src\domain\axisPoint\AxisPointTester.cpp">
      <Filter>Source Files</Filter>
    </ClCompile>
    <ClCompile Include="src\domain\axisPoint\AxisPointCollisionTest.cpp">
      <Filter>Source Files</Filter>
    </ClCompile>
    <ClCompile Include="src\domain\axisPoint\evasion\AxisPointEvasionLeftTest.cpp">
      <Filter>Source Files</Filter>
    </ClCompile>
    <ClCompile Include="src\domain\axisPoint\evasion\AxisPointEvasionTester.cpp">
      <Filter>Source Files</Filter>
    </ClCompile>
    <ClCompile Include="src\domain\axisPoint\evasion\AxisPointEvasionRightTest.cpp">
      <Filter>Source Files</Filter>
    </ClCompile>
    <ClCompile Include="src\domain\axisPoint\evasion\AxisPointEvasionBottomTest.cpp">
      <Filter>Source Files</Filter>
    </ClCompile>
    <ClCompile Include="src\domain\axisPoint\evasion\AxisPointEvasionTopTest.cpp">
      <Filter>Source Files</Filter>
    </ClCompile>
    <ClCompile Include="src\domain\axisPoint\evasion\AxisPointEvasionBackTest.cpp">
      <Filter>Source Files</Filter>
    </ClCompile>
    <ClCompile Include="src\domain\axisPoint\evasion\AxisPointEvasionFrontTest.cpp">
      <Filter>Source Files</Filter>
    </ClCompile>
    <ClCompile Include="src\domain\axisPoint\inverted\AxisPointInvertedLeftTest.cpp">
      <Filter>Source Files</Filter>
    </ClCompile>
    <ClCompile Include="src\domain\axisPoint\inverted\AxisPointInvertedTester.cpp">
      <Filter>Source Files</Filter>
    </ClCompile>
    <ClCompile Include="src\domain\axisPoint\inverted\AxisPointInvertedRightTest.cpp">
      <Filter>Source Files</Filter>
    </ClCompile>
    <ClCompile Include="src\domain\axisPoint\inverted\AxisPointInvertedBottomTest.cpp">
      <Filter>Source Files</Filter>
    </ClCompile>
    <ClCompile Include="src\domain\axisPoint\inverted\AxisPointInvertedTopTest.cpp">
      <Filter>Source Files</Filter>
    </ClCompile>
    <ClCompile Include="src\domain\axisPoint\inverted\AxisPointInvertedBackTest.cpp">
      <Filter>Source Files</Filter>
    </ClCompile>
    <ClCompile Include="src\domain\axisPoint\inverted\AxisPointInvertedFrontTest.cpp">
      <Filter>Source Files</Filter>
    </ClCompile>
    <ClCompile Include="src\application\implimentation\collision\ImplimentationCollisionAxisPointTest.cpp">
      <Filter>Source Files</Filter>
    </ClCompile>
    <ClCompile Include="src\application\implimentation\evasion\ImplimentationEvasionAxisPointTest.cpp">
      <Filter>Source Files</Filter>
    </ClCompile>
    <ClCompile Include="src\domain\axisCircle\AxisCircleDefaultTest.cpp">
      <Filter>Source Files</Filter>
    </ClCompile>
    <ClCompile Include="src\domain\axisCircle\AxisCircleTester.cpp">
      <Filter>Source Files</Filter>
    </ClCompile>
    <ClCompile Include="src\domain\axisCircle\AxisCircleCollisionTest.cpp">
      <Filter>Source Files</Filter>
    </ClCompile>
    <ClCompile Include="src\domain\axisAxis\AxisAxisDefaultTest.cpp">
      <Filter>Source Files</Filter>
    </ClCompile>
    <ClCompile Include="src\domain\axisAxis\AxisAxisTester.cpp">
      <Filter>Source Files</Filter>
    </ClCompile>
    <ClCompile Include="src\domain\axisAxis\AxisAxisCollisionTest.cpp">
      <Filter>Source Files</Filter>
    </ClCompile>
    <ClCompile Include="src\domain\axisAxis\evasion\AxisAxisEvasionLeftTest.cpp">
      <Filter>Source Files</Filter>
    </ClCompile>
    <ClCompile Include="src\domain\axisAxis\evasion\AxisAxisEvasionTester.cpp">
      <Filter>Source Files</Filter>
    </ClCompile>
    <ClCompile Include="src\domain\axisAxis\evasion\AxisAxisEvasionRightTest.cpp">
      <Filter>Source Files</Filter>
    </ClCompile>
    <ClCompile Include="src\domain\axisAxis\evasion\AxisAxisEvasionBottomTest.cpp">
      <Filter>Source Files</Filter>
    </ClCompile>
    <ClCompile Include="src\domain\axisAxis\evasion\AxisAxisEvasionTopTest.cpp">
      <Filter>Source Files</Filter>
    </ClCompile>
    <ClCompile Include="src\domain\axisAxis\evasion\AxisAxisEvasionBackTest.cpp">
      <Filter>Source Files</Filter>
    </ClCompile>
    <ClCompile Include="src\domain\axisAxis\evasion\AxisAxisEvasionFrontTest.cpp">
      <Filter>Source Files</Filter>
    </ClCompile>
    <ClCompile Include="src\domain\axisAxis\inverted\AB\AxisAxisInvertedABLeftTest.cpp">
      <Filter>Source Files</Filter>
    </ClCompile>
    <ClCompile Include="src\domain\axisAxis\inverted\AB\AxisAxisInvertedABTester.cpp">
      <Filter>Source Files</Filter>
    </ClCompile>
    <ClCompile Include="src\domain\axisAxis\inverted\AxisAxisInvertedTester.cpp">
      <Filter>Source Files</Filter>
    </ClCompile>
    <ClCompile Include="src\domain\axisAxis\inverted\AB\AxisAxisInvertedABRightTest.cpp">
      <Filter>Source Files</Filter>
    </ClCompile>
    <ClCompile Include="src\domain\axisAxis\inverted\AB\AxisAxisInvertedABBottomTest.cpp">
      <Filter>Source Files</Filter>
    </ClCompile>
  </ItemGroup>
  <ItemGroup>
    <ClInclude Include="src\domain\pointPoint\PointPointCollisionTest.h">
      <Filter>Header Files</Filter>
    </ClInclude>
    <ClInclude Include="src\domain\pointPoint\PointPointDefaultTest.h">
      <Filter>Header Files</Filter>
    </ClInclude>
    <ClInclude Include="src\domain\pointPoint\PointPointTester.h">
      <Filter>Header Files</Filter>
    </ClInclude>
    <ClInclude Include="src\domain\pointPoint\PointPointXposTest.h">
      <Filter>Header Files</Filter>
    </ClInclude>
    <ClInclude Include="src\domain\pointPoint\PointPointYposTest.h">
      <Filter>Header Files</Filter>
    </ClInclude>
    <ClInclude Include="src\domain\DomainTester.h">
      <Filter>Header Files</Filter>
    </ClInclude>
    <ClInclude Include="src\MemoryTest.h">
      <Filter>Header Files</Filter>
    </ClInclude>
    <ClInclude Include="src\SubordinateTester.h">
      <Filter>Header Files</Filter>
    </ClInclude>
    <ClInclude Include="src\domain\pointPoint\PointPointZposTest.h">
      <Filter>Header Files</Filter>
    </ClInclude>
    <ClInclude Include="src\domain\circlePoint\CirclePointDefaultTest.h">
      <Filter>Header Files</Filter>
    </ClInclude>
    <ClInclude Include="src\domain\circlePoint\PointCirlceTester.h">
      <Filter>Header Files</Filter>
    </ClInclude>
    <ClInclude Include="src\domain\circlePoint\CirclePointCollisionTest.h">
      <Filter>Header Files</Filter>
    </ClInclude>
    <ClInclude Include="src\domain\circlePoint\CirclePointEvasionTest.h">
      <Filter>Header Files</Filter>
    </ClInclude>
    <ClInclude Include="src\domain\circlePoint\CirclePointInvertedTest.h">
      <Filter>Header Files</Filter>
    </ClInclude>
    <ClInclude Include="src\presentation\axis\AxisHeightTest.h">
      <Filter>Header Files</Filter>
    </ClInclude>
    <ClInclude Include="src\presentation\axis\AxisTester.h">
      <Filter>Header Files</Filter>
    </ClInclude>
    <ClInclude Include="src\presentation\axis\AxisWidthTest.h">
      <Filter>Header Files</Filter>
    </ClInclude>
    <ClInclude Include="src\presentation\axis\AxisXposTest.h">
      <Filter>Header Files</Filter>
    </ClInclude>
    <ClInclude Include="src\presentation\axis\AxisYposTest.h">
      <Filter>Header Files</Filter>
    </ClInclude>
    <ClInclude Include="src\presentation\circle\CircleRadiusTest.h">
      <Filter>Header Files</Filter>
    </ClInclude>
    <ClInclude Include="src\presentation\circle\CircleTester.h">
      <Filter>Header Files</Filter>
    </ClInclude>
    <ClInclude Include="src\presentation\circle\CircleXposTest.h">
      <Filter>Header Files</Filter>
    </ClInclude>
    <ClInclude Include="src\presentation\circle\CircleYposTest.h">
      <Filter>Header Files</Filter>
    </ClInclude>
    <ClInclude Include="src\presentation\point\PointTester.h">
      <Filter>Header Files</Filter>
    </ClInclude>
    <ClInclude Include="src\presentation\point\PointXposTest.h">
      <Filter>Header Files</Filter>
    </ClInclude>
    <ClInclude Include="src\presentation\point\PointYposTest.h">
      <Filter>Header Files</Filter>
    </ClInclude>
    <ClInclude Include="src\presentation\PresentationTester.h">
      <Filter>Header Files</Filter>
    </ClInclude>
    <ClInclude Include="src\presentation\point\PointZposTest.h">
      <Filter>Header Files</Filter>
    </ClInclude>
    <ClInclude Include="src\presentation\circle\CircleZposTest.h">
      <Filter>Header Files</Filter>
    </ClInclude>
    <ClInclude Include="src\presentation\axis\AxisZposTest.h">
      <Filter>Header Files</Filter>
    </ClInclude>
    <ClInclude Include="src\presentation\axis\AxisDepthTest.h">
      <Filter>Header Files</Filter>
    </ClInclude>
    <ClInclude Include="src\application\implimentation\ImplimentationDefaultTest.h">
      <Filter>Header Files</Filter>
    </ClInclude>
    <ClInclude Include="src\application\implimentation\ImplimentationTester.h">
      <Filter>Header Files</Filter>
    </ClInclude>
    <ClInclude Include="src\application\ApplicationTester.h">
      <Filter>Header Files</Filter>
    </ClInclude>
    <ClInclude Include="src\application\implimentation\collision\ImplimentationCollisionTester.h">
      <Filter>Header Files</Filter>
    </ClInclude>
    <ClInclude Include="src\application\implimentation\collision\ImplimentationCollisionPointPointTest.h">
      <Filter>Header Files</Filter>
    </ClInclude>
    <ClInclude Include="src\application\implimentation\evasion\ImplimentationEvasionPointPointTest.h">
      <Filter>Header Files</Filter>
    </ClInclude>
    <ClInclude Include="src\application\implimentation\evasion\ImplimentationEvasionTester.h">
      <Filter>Header Files</Filter>
    </ClInclude>
    <ClInclude Include="src\application\implimentation\collision\ImplimentationCollisionCirclePointTest.h">
      <Filter>Header Files</Filter>
    </ClInclude>
    <ClInclude Include="src\application\implimentation\evasion\ImplimentationEvasionCirclePointTest.h">
      <Filter>Header Files</Filter>
    </ClInclude>
    <ClInclude Include="src\domain\circleCircle\CircleCircleDefaultTest.h">
      <Filter>Header Files</Filter>
    </ClInclude>
    <ClInclude Include="src\domain\circleCircle\CircleCircleTester.h">
      <Filter>Header Files</Filter>
    </ClInclude>
    <ClInclude Include="src\domain\circleCircle\CircleCircleCollisionTest.h">
      <Filter>Header Files</Filter>
    </ClInclude>
    <ClInclude Include="src\domain\circleCircle\CircleCircleEvasionTest.h">
      <Filter>Header Files</Filter>
    </ClInclude>
    <ClInclude Include="src\domain\circleCircle\CircleCircleInvertedTest.h">
      <Filter>Header Files</Filter>
    </ClInclude>
    <ClInclude Include="src\application\implimentation\collision\ImplimentationCollisionCircleCircleTest.h">
      <Filter>Header Files</Filter>
    </ClInclude>
    <ClInclude Include="src\application\implimentation\evasion\ImplimentationEvasionCircleCircleTest.h">
      <Filter>Header Files</Filter>
    </ClInclude>
    <ClInclude Include="src\domain\axisPoint\AxisPointDefaultTest.h">
      <Filter>Header Files</Filter>
    </ClInclude>
    <ClInclude Include="src\domain\axisPoint\AxisPointTester.h">
      <Filter>Header Files</Filter>
    </ClInclude>
    <ClInclude Include="src\domain\axisPoint\AxisPointCollisionTest.h">
      <Filter>Header Files</Filter>
    </ClInclude>
    <ClInclude Include="src\domain\axisPoint\evasion\AxisPointEvasionLeftTest.h">
      <Filter>Header Files</Filter>
    </ClInclude>
    <ClInclude Include="src\domain\axisPoint\evasion\AxisPointEvasionTester.h">
      <Filter>Header Files</Filter>
    </ClInclude>
    <ClInclude Include="src\domain\axisPoint\evasion\AxisPointEvasionRightTest.h">
      <Filter>Header Files</Filter>
    </ClInclude>
    <ClInclude Include="src\domain\axisPoint\evasion\AxisPointEvasionBottomTest.h">
      <Filter>Header Files</Filter>
    </ClInclude>
    <ClInclude Include="src\domain\axisPoint\evasion\AxisPointEvasionTopTest.h">
      <Filter>Header Files</Filter>
    </ClInclude>
    <ClInclude Include="src\domain\axisPoint\evasion\AxisPointEvasionBackTest.h">
      <Filter>Header Files</Filter>
    </ClInclude>
    <ClInclude Include="src\domain\axisPoint\evasion\AxisPointEvasionFrontTest.h">
      <Filter>Header Files</Filter>
    </ClInclude>
    <ClInclude Include="src\domain\axisPoint\inverted\AxisPointInvertedLeftTest.h">
      <Filter>Header Files</Filter>
    </ClInclude>
    <ClInclude Include="src\domain\axisPoint\inverted\AxisPointInvertedTester.h">
      <Filter>Header Files</Filter>
    </ClInclude>
    <ClInclude Include="src\domain\axisPoint\inverted\AxisPointInvertedRightTest.h">
      <Filter>Header Files</Filter>
    </ClInclude>
    <ClInclude Include="src\domain\axisPoint\inverted\AxisPointInvertedBottomTest.h">
      <Filter>Header Files</Filter>
    </ClInclude>
    <ClInclude Include="src\domain\axisPoint\inverted\AxisPointInvertedTopTest.h">
      <Filter>Header Files</Filter>
    </ClInclude>
    <ClInclude Include="src\domain\axisPoint\inverted\AxisPointInvertedBackTest.h">
      <Filter>Header Files</Filter>
    </ClInclude>
    <ClInclude Include="src\domain\axisPoint\inverted\AxisPointInvertedFrontTest.h">
      <Filter>Header Files</Filter>
    </ClInclude>
    <ClInclude Include="src\application\implimentation\collision\ImplimentationCollisionAxisPointTest.h">
      <Filter>Header Files</Filter>
    </ClInclude>
    <ClInclude Include="src\application\implimentation\evasion\ImplimentationEvasionAxisPointTest.h">
      <Filter>Header Files</Filter>
    </ClInclude>
    <ClInclude Include="src\domain\axisCircle\AxisCircleDefaultTest.h">
      <Filter>Header Files</Filter>
    </ClInclude>
    <ClInclude Include="src\domain\axisCircle\AxisCircleTester.h">
      <Filter>Header Files</Filter>
    </ClInclude>
    <ClInclude Include="src\domain\axisCircle\AxisCircleCollisionTest.h">
      <Filter>Header Files</Filter>
    </ClInclude>
    <ClInclude Include="src\domain\axisAxis\AxisAxisDefaultTest.h">
      <Filter>Header Files</Filter>
    </ClInclude>
    <ClInclude Include="src\domain\axisAxis\AxisAxisTester.h">
      <Filter>Header Files</Filter>
    </ClInclude>
    <ClInclude Include="src\domain\axisAxis\AxisAxisCollisionTest.h">
      <Filter>Header Files</Filter>
    </ClInclude>
    <ClInclude Include="src\domain\axisAxis\evasion\AxisAxisEvasionLeftTest.h">
      <Filter>Header Files</Filter>
    </ClInclude>
    <ClInclude Include="src\domain\axisAxis\evasion\AxisAxisEvasionTester.h">
      <Filter>Header Files</Filter>
    </ClInclude>
    <ClInclude Include="src\domain\axisAxis\evasion\AxisAxisEvasionRightTest.h">
      <Filter>Header Files</Filter>
    </ClInclude>
    <ClInclude Include="src\domain\axisAxis\evasion\AxisAxisEvasionBottomTest.h">
      <Filter>Header Files</Filter>
    </ClInclude>
    <ClInclude Include="src\domain\axisAxis\evasion\AxisAxisEvasionTopTest.h">
      <Filter>Header Files</Filter>
    </ClInclude>
    <ClInclude Include="src\domain\axisAxis\evasion\AxisAxisEvasionBackTest.h">
      <Filter>Header Files</Filter>
    </ClInclude>
    <ClInclude Include="src\domain\axisAxis\evasion\AxisAxisEvasionFrontTest.h">
      <Filter>Header Files</Filter>
    </ClInclude>
    <ClInclude Include="src\domain\axisAxis\inverted\AB\AxisAxisInvertedABLeftTest.h">
      <Filter>Header Files</Filter>
    </ClInclude>
    <ClInclude Include="src\domain\axisAxis\inverted\AB\AxisAxisInvertedABTester.h">
      <Filter>Header Files</Filter>
    </ClInclude>
    <ClInclude Include="src\domain\axisAxis\inverted\AxisAxisInvertedTester.h">
      <Filter>Header Files</Filter>
    </ClInclude>
    <ClInclude Include="src\domain\axisAxis\inverted\AB\AxisAxisInvertedABRightTest.h">
      <Filter>Header Files</Filter>
    </ClInclude>
    <ClInclude Include="src\domain\axisAxis\inverted\AB\AxisAxisInvertedABBottomTest.h">
      <Filter>Header Files</Filter>
    </ClInclude>
  </ItemGroup>
</Project>